
Microsoft Visual Studio Solution File, Format Version 12.00
# Visual Studio Version 16
VisualStudioVersion = 16.0.31205.134
MinimumVisualStudioVersion = 10.0.40219.1
Project("{FAE04EC0-301F-11D3-BF4B-00C04F79EFBC}") = "Practice", "Practice.csproj", "{4117D2B5-7A5E-4B2F-9CD3-7CA51F15E6F2}"
EndProject
Global
	GlobalSection(SolutionConfigurationPlatforms) = preSolution
		Debug|Any CPU = Debug|Any CPU
		Release|Any CPU = Release|Any CPU
	EndGlobalSection
	GlobalSection(ProjectConfigurationPlatforms) = postSolution
		{4117D2B5-7A5E-4B2F-9CD3-7CA51F15E6F2}.Debug|Any CPU.ActiveCfg = Debug|Any CPU
		{4117D2B5-7A5E-4B2F-9CD3-7CA51F15E6F2}.Debug|Any CPU.Build.0 = Debug|Any CPU
		{4117D2B5-7A5E-4B2F-9CD3-7CA51F15E6F2}.Release|Any CPU.ActiveCfg = Release|Any CPU
		{4117D2B5-7A5E-4B2F-9CD3-7CA51F15E6F2}.Release|Any CPU.Build.0 = Release|Any CPU
	EndGlobalSection
	GlobalSection(SolutionProperties) = preSolution
		HideSolutionNode = FALSE
	EndGlobalSection
	GlobalSection(ExtensibilityGlobals) = postSolution
		SolutionGuid = {79092DC5-6860-4A2F-A366-6DD4B5EBD038}
	EndGlobalSection
EndGlobal
